// !$*UTF8*$!
{
	archiveVersion = 1;
	classes = {
	};
	objectVersion = 46;
	objects = {

/* Begin PBXBuildFile section */
		86165BE31C3931D600ED6DA2 /* AppDelegate.swift in Sources */ = {isa = PBXBuildFile; fileRef = 86165BE21C3931D600ED6DA2 /* AppDelegate.swift */; };
		86165BE51C3931D600ED6DA2 /* ViewController.swift in Sources */ = {isa = PBXBuildFile; fileRef = 86165BE41C3931D600ED6DA2 /* ViewController.swift */; };
		86165BE81C3931D600ED6DA2 /* Main.storyboard in Resources */ = {isa = PBXBuildFile; fileRef = 86165BE61C3931D600ED6DA2 /* Main.storyboard */; };
		86165BEA1C3931D600ED6DA2 /* Assets.xcassets in Resources */ = {isa = PBXBuildFile; fileRef = 86165BE91C3931D600ED6DA2 /* Assets.xcassets */; };
		86165BED1C3931D600ED6DA2 /* LaunchScreen.storyboard in Resources */ = {isa = PBXBuildFile; fileRef = 86165BEB1C3931D600ED6DA2 /* LaunchScreen.storyboard */; };
		86165BF51C3932F500ED6DA2 /* Datos.swift in Sources */ = {isa = PBXBuildFile; fileRef = 86165BF41C3932F500ED6DA2 /* Datos.swift */; };
/* End PBXBuildFile section */

/* Begin PBXFileReference section */
		86165BDF1C3931D600ED6DA2 /* Hamburguesas.app */ = {isa = PBXFileReference; explicitFileType = wrapper.application; includeInIndex = 0; path = Hamburguesas.app; sourceTree = BUILT_PRODUCTS_DIR; };
		86165BE21C3931D600ED6DA2 /* AppDelegate.swift */ = {isa = PBXFileReference; lastKnownFileType = sourcecode.swift; path = AppDelegate.swift; sourceTree = "<group>"; };
		86165BE41C3931D600ED6DA2 /* ViewController.swift */ = {isa = PBXFileReference; lastKnownFileType = sourcecode.swift; path = ViewController.swift; sourceTree = "<group>"; };
		86165BE71C3931D600ED6DA2 /* Base */ = {isa = PBXFileReference; lastKnownFileType = file.storyboard; name = Base; path = Base.lproj/Main.storyboard; sourceTree = "<group>"; };
		86165BE91C3931D600ED6DA2 /* Assets.xcassets */ = {isa = PBXFileReference; lastKnownFileType = folder.assetcatalog; path = Assets.xcassets; sourceTree = "<group>"; };
		86165BEC1C3931D600ED6DA2 /* Base */ = {isa = PBXFileReference; lastKnownFileType = file.storyboard; name = Base; path = Base.lproj/LaunchScreen.storyboard; sourceTree = "<group>"; };
		86165BEE1C3931D600ED6DA2 /* Info.plist */ = {isa = PBXFileReference; lastKnownFileType = text.plist.xml; path = Info.plist; sourceTree = "<group>"; };
		86165BF41C3932F500ED6DA2 /* Datos.swift */ = {isa = PBXFileReference; fileEncoding = 4; lastKnownFileType = sourcecode.swift; path = Datos.swift; sourceTree = "<group>"; };
/* End PBXFileReference section */

/* Begin PBXFrameworksBuildPhase section */
		86165BDC1C3931D600ED6DA2 /* Frameworks */ = {
			isa = PBXFrameworksBuildPhase;
			buildActionMask = 2147483647;
			files = (
			);
			runOnlyForDeploymentPostprocessing = 0;
		};
/* End PBXFrameworksBuildPhase section */

/* Begin PBXGroup section */
		86165BD61C3931D500ED6DA2 = {
			isa = PBXGroup;
			children = (
				86165BE11C3931D600ED6DA2 /* Hamburguesas */,
				86165BE01C3931D600ED6DA2 /* Products */,
			);
			sourceTree = "<group>";
		};
		86165BE01C3931D600ED6DA2 /* Products */ = {
			isa = PBXGroup;
			children = (
				86165BDF1C3931D600ED6DA2 /* Hamburguesas.app */,
			);
			name = Products;
			sourceTree = "<group>";
		};
		86165BE11C3931D600ED6DA2 /* Hamburguesas */ = {
			isa = PBXGroup;
			children = (
				86165BE21C3931D600ED6DA2 /* AppDelegate.swift */,
				86165BE41C3931D600ED6DA2 /* ViewController.swift */,
				86165BE61C3931D600ED6DA2 /* Main.storyboard */,
				86165BE91C3931D600ED6DA2 /* Assets.xcassets */,
				86165BEB1C3931D600ED6DA2 /* LaunchScreen.storyboard */,
				86165BEE1C3931D600ED6DA2 /* Info.plist */,
				86165BF41C3932F500ED6DA2 /* Datos.swift */,
			);
			path = Hamburguesas;
			sourceTree = "<group>";
		};
/* End PBXGroup section */

/* Begin PBXNativeTarget section */
		86165BDE1C3931D600ED6DA2 /* Hamburguesas */ = {
			isa = PBXNativeTarget;
			buildConfigurationList = 86165BF11C3931D600ED6DA2 /* Build configuration list for PBXNativeTarget "Hamburguesas" */;
			buildPhases = (
				86165BDB1C3931D600ED6DA2 /* Sources */,
				86165BDC1C3931D600ED6DA2 /* Frameworks */,
				86165BDD1C3931D600ED6DA2 /* Resources */,
			);
			buildRules = (
			);
			dependencies = (
			);
			name = Hamburguesas;
			productName = Hamburguesas;
			productReference = 86165BDF1C3931D600ED6DA2 /* Hamburguesas.app */;
			productType = "com.apple.product-type.application";
		};
/* End PBXNativeTarget section */

/* Begin PBXProject section */
		86165BD71C3931D500ED6DA2 /* Project object */ = {
			isa = PBXProject;
			attributes = {
				LastSwiftUpdateCheck = 0720;
				LastUpgradeCheck = 0720;
				ORGANIZATIONNAME = KoldoMac;
				TargetAttributes = {
					86165BDE1C3931D600ED6DA2 = {
						CreatedOnToolsVersion = 7.2;
					};
				};
			};
			buildConfigurationList = 86165BDA1C3931D500ED6DA2 /* Build configuration list for PBXProject "Hamburguesas" */;
			compatibilityVersion = "Xcode 3.2";
			developmentRegion = English;
			hasScannedForEncodings = 0;
			knownRegions = (
				en,
				Base,
			);
			mainGroup = 86165BD61C3931D500ED6DA2;
			productRefGroup = 86165BE01C3931D600ED6DA2 /* Products */;
			projectDirPath = "";
			projectRoot = "";
			targets = (
				86165BDE1C3931D600ED6DA2 /* Hamburguesas */,
			);
		};
/* End PBXProject section */

/* Begin PBXResourcesBuildPhase section */
		86165BDD1C3931D600ED6DA2 /* Resources */ = {
			isa = PBXResourcesBuildPhase;
			buildActionMask = 2147483647;
			files = (
				86165BED1C3931D600ED6DA2 /* LaunchScreen.storyboard in Resources */,
				86165BEA1C3931D600ED6DA2 /* Assets.xcassets in Resources */,
				86165BE81C3931D600ED6DA2 /* Main.storyboard in Resources */,
			);
			runOnlyForDeploymentPostprocessing = 0;
		};
/* End PBXResourcesBuildPhase section */

/* Begin PBXSourcesBuildPhase section */
		86165BDB1C3931D600ED6DA2 /* Sources */ = {
			isa = PBXSourcesBuildPhase;
			buildActionMask = 2147483647;
			files = (
				86165BE51C3931D600ED6DA2 /* ViewController.swift in Sources */,
				86165BE31C3931D600ED6DA2 /* AppDelegate.swift in Sources */,
				86165BF51C3932F500ED6DA2 /* Datos.swift in Sources */,
			);
			runOnlyForDeploymentPostprocessing = 0;
		};
/* End PBXSourcesBuildPhase section */

/* Begin PBXVariantGroup section */
		86165BE61C3931D600ED6DA2 /* Main.storyboard */ = {
			isa = PBXVariantGroup;
			children = (
				86165BE71C3931D600ED6DA2 /* Base */,
			);
			name = Main.storyboard;
			sourceTree = "<group>";
		};
		86165BEB1C3931D600ED6DA2 /* LaunchScreen.storyboard */ = {
			isa = PBXVariantGroup;
			children = (
				86165BEC1C3931D600ED6DA2 /* Base */,
			);
			name = LaunchScreen.storyboard;
			sourceTree = "<group>";
		};
/* End PBXVariantGroup section */

/* Begin XCBuildConfiguration section */
		86165BEF1C3931D600ED6DA2 /* Debug */ = {
			isa = XCBuildConfiguration;
			buildSettings = {
				ALWAYS_SEARCH_USER_PATHS = NO;
				CLANG_CXX_LANGUAGE_STANDARD = "gnu++0x";
				CLANG_CXX_LIBRARY = "libc++";
				CLANG_ENABLE_MODULES = YES;
				CLANG_ENABLE_OBJC_ARC = YES;
				CLANG_WARN_BOOL_CONVERSION = YES;
				CLANG_WARN_CONSTANT_CONVERSION = YES;
				CLANG_WARN_DIRECT_OBJC_ISA_USAGE = YES_ERROR;
				CLANG_WARN_EMPTY_BODY = YES;
				CLANG_WARN_ENUM_CONVERSION = YES;
				CLANG_WARN_INT_CONVERSION = YES;
				CLANG_WARN_OBJC_ROOT_CLASS = YES_ERROR;
				CLANG_WARN_UNREACHABLE_CODE = YES;
				CLANG_WARN__DUPLICATE_METHOD_MATCH = YES;
				"CODE_SIGN_IDENTITY[sdk=iphoneos*]" = "iPhone Developer";
				COPY_PHASE_STRIP = NO;
				DEBUG_INFORMATION_FORMAT = dwarf;
				ENABLE_STRICT_OBJC_MSGSEND = YES;
				ENABLE_TESTABILITY = YES;
				GCC_C_LANGUAGE_STANDARD = gnu99;
				GCC_DYNAMIC_NO_PIC = NO;
				GCC_NO_COMMON_BLOCKS = YES;
				GCC_OPTIMIZATION_LEVEL = 0;
				GCC_PREPROCESSOR_DEFINITIONS = (
					"DEBUG=1",
					"$(inherited)",
				);
				GCC_WARN_64_TO_32_BIT_CONVERSION = YES;
				GCC_WARN_ABOUT_RETURN_TYPE = YES_ERROR;
				GCC_WARN_UNDECLARED_SELECTOR = YES;
				GCC_WARN_UNINITIALIZED_AUTOS = YES_AGGRESSIVE;
				GCC_WARN_UNUSED_FUNCTION = YES;
				GCC_WARN_UNUSED_VARIABLE = YES;
				IPHONEOS_DEPLOYMENT_TARGET = 9.2;
				MTL_ENABLE_DEBUG_INFO = YES;
				ONLY_ACTIVE_ARCH = YES;
				SDKROOT = iphoneos;
				SWIFT_OPTIMIZATION_LEVEL = "-Onone";
			};
			name = Debug;
		};
		86165BF01C3931D600ED6DA2 /* Release */ = {
			isa = XCBuildConfiguration;
			buildSettings = {
				ALWAYS_SEARCH_USER_PATHS = NO;
				CLANG_CXX_LANGUAGE_STANDARD = "gnu++0x";
				CLANG_CXX_LIBRARY = "libc++";
				CLANG_ENABLE_MODULES = YES;
				CLANG_ENABLE_OBJC_ARC = YES;
				CLANG_WARN_BOOL_CONVERSION = YES;
				CLANG_WARN_CONSTANT_CONVERSION = YES;
				CLANG_WARN_DIRECT_OBJC_ISA_USAGE = YES_ERROR;
				CLANG_WARN_EMPTY_BODY = YES;
				CLANG_WARN_ENUM_CONVERSION = YES;
				CLANG_WARN_INT_CONVERSION = YES;
				CLANG_WARN_OBJC_ROOT_CLASS = YES_ERROR;
				CLANG_WARN_UNREACHABLE_CODE = YES;
				CLANG_WARN__DUPLICATE_METHOD_MATCH = YES;
				"CODE_SIGN_IDENTITY[sdk=iphoneos*]" = "iPhone Developer";
				COPY_PHASE_STRIP = NO;
				DEBUG_INFORMATION_FORMAT = "dwarf-with-dsym";
				ENABLE_NS_ASSERTIONS = NO;
				ENABLE_STRICT_OBJC_MSGSEND = YES;
				GCC_C_LANGUAGE_STANDARD = gnu99;
				GCC_NO_COMMON_BLOCKS = YES;
				GCC_WARN_64_TO_32_BIT_CONVERSION = YES;
				GCC_WARN_ABOUT_RETURN_TYPE = YES_ERROR;
				GCC_WARN_UNDECLARED_SELECTOR = YES;
				GCC_WARN_UNINITIALIZED_AUTOS = YES_AGGRESSIVE;
				GCC_WARN_UNUSED_FUNCTION = YES;
				GCC_WARN_UNUSED_VARIABLE = YES;
				IPHONEOS_DEPLOYMENT_TARGET = 9.2;
				MTL_ENABLE_DEBUG_INFO = NO;
				SDKROOT = iphoneos;
				VALIDATE_PRODUCT = YES;
			};
			name = Release;
		};
		86165BF21C3931D600ED6DA2 /* Debug */ = {
			isa = XCBuildConfiguration;
			buildSettings = {
				ASSETCATALOG_COMPILER_APPICON_NAME = AppIcon;
				INFOPLIST_FILE = Hamburguesas/Info.plist;
				LD_RUNPATH_SEARCH_PATHS = "$(inherited) @executable_path/Frameworks";
				PRODUCT_BUNDLE_IDENTIFIER = com.koldomac.Hamburguesas;
				PRODUCT_NAME = "$(TARGET_NAME)";
			};
			name = Debug;
		};
		86165BF31C3931D600ED6DA2 /* Release */ = {
			isa = XCBuildConfiguration;
			buildSettings = {
				ASSETCATALOG_COMPILER_APPICON_NAME = AppIcon;
				INFOPLIST_FILE = Hamburguesas/Info.plist;
				LD_RUNPATH_SEARCH_PATHS = "$(inherited) @executable_path/Frameworks";
				PRODUCT_BUNDLE_IDENTIFIER = com.koldomac.Hamburguesas;
				PRODUCT_NAME = "$(TARGET_NAME)";
			};
			name = Release;
		};
/* End XCBuildConfiguration section */

/* Begin XCConfigurationList section */
		86165BDA1C3931D500ED6DA2 /* Build configuration list for PBXProject "Hamburguesas" */ = {
			isa = XCConfigurationList;
			buildConfigurations = (
				86165BEF1C3931D600ED6DA2 /* Debug */,
				86165BF01C3931D600ED6DA2 /* Release */,
			);
			defaultConfigurationIsVisible = 0;
			defaultConfigurationName = Release;
		};
		86165BF11C3931D600ED6DA2 /* Build configuration list for PBXNativeTarget "Hamburguesas" */ = {
			isa = XCConfigurationList;
			buildConfigurations = (
				86165BF21C3931D600ED6DA2 /* Debug */,
				86165BF31C3931D600ED6DA2 /* Release */,
			);
			defaultConfigurationIsVisible = 0;
		};
/* End XCConfigurationList section */
	};
	rootObject = 86165BD71C3931D500ED6DA2 /* Project object */;
}
